
Microsoft Visual Studio Solution File, Format Version 12.00
# Visual Studio Version 17
VisualStudioVersion = 17.4.33205.214
MinimumVisualStudioVersion = 10.0.40219.1
Project("{FAE04EC0-301F-11D3-BF4B-00C04F79EFBC}") = "Moment1", "Moment1\Moment1.csproj", "{F59C488E-229D-4FDA-91FC-8726563DA3F0}"
EndProject
Global
	GlobalSection(SolutionConfigurationPlatforms) = preSolution
		Debug|Any CPU = Debug|Any CPU
		Release|Any CPU = Release|Any CPU
	EndGlobalSection
	GlobalSection(ProjectConfigurationPlatforms) = postSolution
		{F59C488E-229D-4FDA-91FC-8726563DA3F0}.Debug|Any CPU.ActiveCfg = Debug|Any CPU
		{F59C488E-229D-4FDA-91FC-8726563DA3F0}.Debug|Any CPU.Build.0 = Debug|Any CPU
		{F59C488E-229D-4FDA-91FC-8726563DA3F0}.Release|Any CPU.ActiveCfg = Release|Any CPU
		{F59C488E-229D-4FDA-91FC-8726563DA3F0}.Release|Any CPU.Build.0 = Release|Any CPU
	EndGlobalSection
	GlobalSection(SolutionProperties) = preSolution
		HideSolutionNode = FALSE
	EndGlobalSection
	GlobalSection(ExtensibilityGlobals) = postSolution
		SolutionGuid = {5A4C6FBC-BD23-45ED-B0CE-B2464D70EEA0}
	EndGlobalSection
EndGlobal
